
Microsoft Visual Studio Solution File, Format Version 12.00
# Visual Studio Version 16
VisualStudioVersion = 16.0.32602.291
MinimumVisualStudioVersion = 10.0.40219.1
Project("{FAE04EC0-301F-11D3-BF4B-00C04F79EFBC}") = "Crypto_Wallets_Scanner", "Crypto_Wallets_Scanner\Crypto_Wallets_Scanner.csproj", "{EE255EAE-BD82-4844-B8ED-B0EA0FE97624}"
EndProject
Global
	GlobalSection(SolutionConfigurationPlatforms) = preSolution
		Debug|Any CPU = Debug|Any CPU
		Release|Any CPU = Release|Any CPU
	EndGlobalSection
	GlobalSection(ProjectConfigurationPlatforms) = postSolution
		{EE255EAE-BD82-4844-B8ED-B0EA0FE97624}.Debug|Any CPU.ActiveCfg = Debug|Any CPU
		{EE255EAE-BD82-4844-B8ED-B0EA0FE97624}.Debug|Any CPU.Build.0 = Debug|Any CPU
		{EE255EAE-BD82-4844-B8ED-B0EA0FE97624}.Release|Any CPU.ActiveCfg = Release|Any CPU
		{EE255EAE-BD82-4844-B8ED-B0EA0FE97624}.Release|Any CPU.Build.0 = Release|Any CPU
	EndGlobalSection
	GlobalSection(SolutionProperties) = preSolution
		HideSolutionNode = FALSE
	EndGlobalSection
	GlobalSection(ExtensibilityGlobals) = postSolution
		SolutionGuid = {409E254A-830C-4063-A225-EF84BCF78E09}
	EndGlobalSection
EndGlobal
